
Microsoft Visual Studio Solution File, Format Version 12.00
# Visual Studio Version 17
VisualStudioVersion = 17.9.34728.123
MinimumVisualStudioVersion = 10.0.40219.1
Project("{FAE04EC0-301F-11D3-BF4B-00C04F79EFBC}") = "MAUI101.Maui", "MAUI101.Maui\MAUI101.Maui.csproj", "{F4511C93-4A69-43EE-9C9D-946DED42804B}"
EndProject
Global
	GlobalSection(SolutionConfigurationPlatforms) = preSolution
		Debug|Any CPU = Debug|Any CPU
		Release|Any CPU = Release|Any CPU
	EndGlobalSection
	GlobalSection(ProjectConfigurationPlatforms) = postSolution
		{F4511C93-4A69-43EE-9C9D-946DED42804B}.Debug|Any CPU.ActiveCfg = Debug|Any CPU
		{F4511C93-4A69-43EE-9C9D-946DED42804B}.Debug|Any CPU.Build.0 = Debug|Any CPU
		{F4511C93-4A69-43EE-9C9D-946DED42804B}.Debug|Any CPU.Deploy.0 = Debug|Any CPU
		{F4511C93-4A69-43EE-9C9D-946DED42804B}.Release|Any CPU.ActiveCfg = Release|Any CPU
		{F4511C93-4A69-43EE-9C9D-946DED42804B}.Release|Any CPU.Build.0 = Release|Any CPU
		{F4511C93-4A69-43EE-9C9D-946DED42804B}.Release|Any CPU.Deploy.0 = Release|Any CPU
	EndGlobalSection
	GlobalSection(SolutionProperties) = preSolution
		HideSolutionNode = FALSE
	EndGlobalSection
	GlobalSection(ExtensibilityGlobals) = postSolution
		SolutionGuid = {134C9724-4826-4A2F-86BF-C328FD757C09}
	EndGlobalSection
EndGlobal
